// !$*UTF8*$!
{
	archiveVersion = 1;
	classes = {
	};
	objectVersion = 46;
	objects = {

/* Begin PBXBuildFile section */
		29032664133EDD780035DA96 /* IFPrayerTimes.m in Sources */ = {isa = PBXBuildFile; fileRef = 29032663133EDD780035DA96 /* IFPrayerTimes.m */; };
		2903266F134017140035DA96 /* photo1.jpg in Resources */ = {isa = PBXBuildFile; fileRef = 2903266E134017140035DA96 /* photo1.jpg */; };
		29310C531334508700F89CC2 /* UIKit.framework in Frameworks */ = {isa = PBXBuildFile; fileRef = 29310C521334508700F89CC2 /* UIKit.framework */; };
		29310C551334508700F89CC2 /* Foundation.framework in Frameworks */ = {isa = PBXBuildFile; fileRef = 29310C541334508700F89CC2 /* Foundation.framework */; };
		29310C571334508700F89CC2 /* CoreGraphics.framework in Frameworks */ = {isa = PBXBuildFile; fileRef = 29310C561334508700F89CC2 /* CoreGraphics.framework */; };
		29310C5D1334508700F89CC2 /* InfoPlist.strings in Resources */ = {isa = PBXBuildFile; fileRef = 29310C5B1334508700F89CC2 /* InfoPlist.strings */; };
		29310C601334508700F89CC2 /* main.m in Sources */ = {isa = PBXBuildFile; fileRef = 29310C5F1334508700F89CC2 /* main.m */; };
		29310C631334508700F89CC2 /* IslamicCenterOfBocaRatonAppDelegate.m in Sources */ = {isa = PBXBuildFile; fileRef = 29310C621334508700F89CC2 /* IslamicCenterOfBocaRatonAppDelegate.m */; };
		29310C661334508700F89CC2 /* MainWindow.xib in Resources */ = {isa = PBXBuildFile; fileRef = 29310C641334508700F89CC2 /* MainWindow.xib */; };
		29310C70133450CA00F89CC2 /* PrayerTimesViewController.m in Sources */ = {isa = PBXBuildFile; fileRef = 29310C6E133450CA00F89CC2 /* PrayerTimesViewController.m */; };
		29310C71133450CA00F89CC2 /* PrayerTimesViewController.xib in Resources */ = {isa = PBXBuildFile; fileRef = 29310C6F133450CA00F89CC2 /* PrayerTimesViewController.xib */; };
		29310C7A1334510800F89CC2 /* LocalPOIViewController.m in Sources */ = {isa = PBXBuildFile; fileRef = 29310C781334510700F89CC2 /* LocalPOIViewController.m */; };
		29310C7B1334510800F89CC2 /* LocalPOIViewController.xib in Resources */ = {isa = PBXBuildFile; fileRef = 29310C791334510800F89CC2 /* LocalPOIViewController.xib */; };
		2931CE651344FCE400DD1FF6 /* libsqlite3.dylib in Frameworks */ = {isa = PBXBuildFile; fileRef = 2931CE641344FCE400DD1FF6 /* libsqlite3.dylib */; };
		295F7B551361BCF200D1CBB3 /* LowBackGround.png in Resources */ = {isa = PBXBuildFile; fileRef = 295F7B531361BCF200D1CBB3 /* LowBackGround.png */; };
		295F7B58136261BD00D1CBB3 /* player-play.png in Resources */ = {isa = PBXBuildFile; fileRef = 295F7B57136261BD00D1CBB3 /* player-play.png */; };
		295F7B64136511B800D1CBB3 /* POIDetailsViewController.m in Sources */ = {isa = PBXBuildFile; fileRef = 295F7B62136511B800D1CBB3 /* POIDetailsViewController.m */; };
		295F7B65136511B800D1CBB3 /* POIDetailsViewController.xib in Resources */ = {isa = PBXBuildFile; fileRef = 295F7B63136511B800D1CBB3 /* POIDetailsViewController.xib */; };
		296F9C5C1343B47700799213 /* DailyPrayerTimes.m in Sources */ = {isa = PBXBuildFile; fileRef = 296F9C5B1343B47700799213 /* DailyPrayerTimes.m */; };
		297B63061353FF46003214BB /* zipcode.db in Resources */ = {isa = PBXBuildFile; fileRef = 297B63051353FF46003214BB /* zipcode.db */; };
		297B63421354A758003214BB /* ValidateLocationRequest.m in Sources */ = {isa = PBXBuildFile; fileRef = 297B63411354A758003214BB /* ValidateLocationRequest.m */; };
		298935DE1361222C00BC4706 /* background.png in Resources */ = {isa = PBXBuildFile; fileRef = 298935D81361222C00BC4706 /* background.png */; };
		298935E11361222C00BC4706 /* ICBR iphone app6 Background HD.png in Resources */ = {isa = PBXBuildFile; fileRef = 298935DB1361222C00BC4706 /* ICBR iphone app6 Background HD.png */; };
		298935E21361222C00BC4706 /* icon.png in Resources */ = {isa = PBXBuildFile; fileRef = 298935DC1361222C00BC4706 /* icon.png */; };
		298935E31361222C00BC4706 /* icon@2x.png in Resources */ = {isa = PBXBuildFile; fileRef = 298935DD1361222C00BC4706 /* icon@2x.png */; };
		2998626F13A1B9F1004F0A18 /* Default.png in Resources */ = {isa = PBXBuildFile; fileRef = 2998627113A1B9F1004F0A18 /* Default.png */; };
		2998627213A1B9F9004F0A18 /* IslamicCenterOfBocaRaton-Info.plist in Resources */ = {isa = PBXBuildFile; fileRef = 29310C5A1334508700F89CC2 /* IslamicCenterOfBocaRaton-Info.plist */; };
		299A7935134D3F0000C997C4 /* MapKit.framework in Frameworks */ = {isa = PBXBuildFile; fileRef = 299A7934134D3F0000C997C4 /* MapKit.framework */; };
		299A7939134DE58B00C997C4 /* AdresssAnnotation.m in Sources */ = {isa = PBXBuildFile; fileRef = 299A7938134DE58B00C997C4 /* AdresssAnnotation.m */; };
		299A793B134E0CB400C997C4 /* CoreLocation.framework in Frameworks */ = {isa = PBXBuildFile; fileRef = 299A793A134E0CB400C997C4 /* CoreLocation.framework */; };
		299A7955134F324500C997C4 /* egypt.caf in Resources */ = {isa = PBXBuildFile; fileRef = 299A7954134F324500C997C4 /* egypt.caf */; };
		299A7957134F9C2300C997C4 /* settings.plist in Resources */ = {isa = PBXBuildFile; fileRef = 299A7956134F9C2200C997C4 /* settings.plist */; };
		29A09A85137639F300117A62 /* ICBR Setting.png in Resources */ = {isa = PBXBuildFile; fileRef = 29A09A81137639F300117A62 /* ICBR Setting.png */; };
		29A09A86137639F300117A62 /* Pictures Gallery.png in Resources */ = {isa = PBXBuildFile; fileRef = 29A09A82137639F300117A62 /* Pictures Gallery.png */; };
		29A09A87137639F300117A62 /* Points of interest .png in Resources */ = {isa = PBXBuildFile; fileRef = 29A09A83137639F300117A62 /* Points of interest .png */; };
		29A09A88137639F300117A62 /* Prayer Times.png in Resources */ = {isa = PBXBuildFile; fileRef = 29A09A84137639F300117A62 /* Prayer Times.png */; };
		29A09A8B1377713C00117A62 /* IqamaTimes2011.txt in Resources */ = {isa = PBXBuildFile; fileRef = 29A09A8A1377713C00117A62 /* IqamaTimes2011.txt */; };
		29A5779413466234008BB0C8 /* DailyPrayerScrollerViewController.m in Sources */ = {isa = PBXBuildFile; fileRef = 29A5779213466234008BB0C8 /* DailyPrayerScrollerViewController.m */; };
		29A5779513466234008BB0C8 /* DailyPrayerScrollerViewController.xib in Resources */ = {isa = PBXBuildFile; fileRef = 29A5779313466234008BB0C8 /* DailyPrayerScrollerViewController.xib */; };
		29C9A82D134914EA00769612 /* SettingsViewController.m in Sources */ = {isa = PBXBuildFile; fileRef = 29C9A82B134914EA00769612 /* SettingsViewController.m */; };
		29C9A82E134914EA00769612 /* SettingsViewController.xib in Resources */ = {isa = PBXBuildFile; fileRef = 29C9A82C134914EA00769612 /* SettingsViewController.xib */; };
		29C9A832134A5FCA00769612 /* ICBRImages.m in Sources */ = {isa = PBXBuildFile; fileRef = 29C9A831134A5FCA00769612 /* ICBRImages.m */; };
		29C9A836134A6B0900769612 /* ICBRImagesViewController.m in Sources */ = {isa = PBXBuildFile; fileRef = 29C9A834134A6B0900769612 /* ICBRImagesViewController.m */; };
		29C9A837134A6B0900769612 /* ICBRImagesViewController.xib in Resources */ = {isa = PBXBuildFile; fileRef = 29C9A835134A6B0900769612 /* ICBRImagesViewController.xib */; };
		29C9A83B134AA67E00769612 /* ICBRImageScrollViewController.m in Sources */ = {isa = PBXBuildFile; fileRef = 29C9A839134AA67E00769612 /* ICBRImageScrollViewController.m */; };
		29C9A83C134AA67E00769612 /* ICBRImageScrollViewController.xib in Resources */ = {isa = PBXBuildFile; fileRef = 29C9A83A134AA67E00769612 /* ICBRImageScrollViewController.xib */; };
		29D781D71395611800A9D5FF /* Upcoming Activities and Pictures.png in Resources */ = {isa = PBXBuildFile; fileRef = 29D781D61395611800A9D5FF /* Upcoming Activities and Pictures.png */; };
		29D781DA1395612400A9D5FF /* Settings.png in Resources */ = {isa = PBXBuildFile; fileRef = 29D781D91395612400A9D5FF /* Settings.png */; };
		29EAA90B1351CF9700EC0F25 /* PlistReaderWriter.m in Sources */ = {isa = PBXBuildFile; fileRef = 29EAA90A1351CF9700EC0F25 /* PlistReaderWriter.m */; };
		29EAA91113528A9F00EC0F25 /* madinah.caf in Resources */ = {isa = PBXBuildFile; fileRef = 29EAA90D13528A9F00EC0F25 /* madinah.caf */; };
		29EAA91213528A9F00EC0F25 /* makkah.caf in Resources */ = {isa = PBXBuildFile; fileRef = 29EAA90E13528A9F00EC0F25 /* makkah.caf */; };
		29EAA91313528A9F00EC0F25 /* yusuf.caf in Resources */ = {isa = PBXBuildFile; fileRef = 29EAA90F13528A9F00EC0F25 /* yusuf.caf */; };
		29EAA91413528A9F00EC0F25 /* bird.caf in Resources */ = {isa = PBXBuildFile; fileRef = 29EAA91013528A9F00EC0F25 /* bird.caf */; };
		29F98C81134BE466009FD86B /* ICBRLow.png in Resources */ = {isa = PBXBuildFile; fileRef = 29F98C80134BE466009FD86B /* ICBRLow.png */; };
/* End PBXBuildFile section */

/* Begin PBXFileReference section */
		29032662133EDD780035DA96 /* IFPrayerTimes.h */ = {isa = PBXFileReference; fileEncoding = 4; lastKnownFileType = sourcecode.c.h; path = IFPrayerTimes.h; sourceTree = "<group>"; };
		29032663133EDD780035DA96 /* IFPrayerTimes.m */ = {isa = PBXFileReference; fileEncoding = 4; lastKnownFileType = sourcecode.c.objc; path = IFPrayerTimes.m; sourceTree = "<group>"; };
		2903266E134017140035DA96 /* photo1.jpg */ = {isa = PBXFileReference; lastKnownFileType = image.jpeg; path = photo1.jpg; sourceTree = "<group>"; };
		29310C4E1334508700F89CC2 /* IslamicCenterOfBocaRaton.app */ = {isa = PBXFileReference; explicitFileType = wrapper.application; includeInIndex = 0; path = IslamicCenterOfBocaRaton.app; sourceTree = BUILT_PRODUCTS_DIR; };
		29310C521334508700F89CC2 /* UIKit.framework */ = {isa = PBXFileReference; lastKnownFileType = wrapper.framework; name = UIKit.framework; path = System/Library/Frameworks/UIKit.framework; sourceTree = SDKROOT; };
		29310C541334508700F89CC2 /* Foundation.framework */ = {isa = PBXFileReference; lastKnownFileType = wrapper.framework; name = Foundation.framework; path = System/Library/Frameworks/Foundation.framework; sourceTree = SDKROOT; };
		29310C561334508700F89CC2 /* CoreGraphics.framework */ = {isa = PBXFileReference; lastKnownFileType = wrapper.framework; name = CoreGraphics.framework; path = System/Library/Frameworks/CoreGraphics.framework; sourceTree = SDKROOT; };
		29310C5A1334508700F89CC2 /* IslamicCenterOfBocaRaton-Info.plist */ = {isa = PBXFileReference; lastKnownFileType = text.plist.xml; path = "IslamicCenterOfBocaRaton-Info.plist"; sourceTree = "<group>"; };
		29310C5C1334508700F89CC2 /* en */ = {isa = PBXFileReference; lastKnownFileType = text.plist.strings; name = en; path = en.lproj/InfoPlist.strings; sourceTree = "<group>"; };
		29310C5E1334508700F89CC2 /* IslamicCenterOfBocaRaton-Prefix.pch */ = {isa = PBXFileReference; lastKnownFileType = sourcecode.c.h; path = "IslamicCenterOfBocaRaton-Prefix.pch"; sourceTree = "<group>"; };
		29310C5F1334508700F89CC2 /* main.m */ = {isa = PBXFileReference; lastKnownFileType = sourcecode.c.objc; path = main.m; sourceTree = "<group>"; };
		29310C611334508700F89CC2 /* IslamicCenterOfBocaRatonAppDelegate.h */ = {isa = PBXFileReference; lastKnownFileType = sourcecode.c.h; path = IslamicCenterOfBocaRatonAppDelegate.h; sourceTree = "<group>"; };
		29310C621334508700F89CC2 /* IslamicCenterOfBocaRatonAppDelegate.m */ = {isa = PBXFileReference; lastKnownFileType = sourcecode.c.objc; path = IslamicCenterOfBocaRatonAppDelegate.m; sourceTree = "<group>"; };
		29310C651334508700F89CC2 /* en */ = {isa = PBXFileReference; lastKnownFileType = file.xib; name = en; path = en.lproj/MainWindow.xib; sourceTree = "<group>"; };
		29310C6D133450CA00F89CC2 /* PrayerTimesViewController.h */ = {isa = PBXFileReference; fileEncoding = 4; lastKnownFileType = sourcecode.c.h; path = PrayerTimesViewController.h; sourceTree = "<group>"; };
		29310C6E133450CA00F89CC2 /* PrayerTimesViewController.m */ = {isa = PBXFileReference; fileEncoding = 4; lastKnownFileType = sourcecode.c.objc; path = PrayerTimesViewController.m; sourceTree = "<group>"; };
		29310C6F133450CA00F89CC2 /* PrayerTimesViewController.xib */ = {isa = PBXFileReference; fileEncoding = 4; lastKnownFileType = file.xib; path = PrayerTimesViewController.xib; sourceTree = "<group>"; };
		29310C771334510700F89CC2 /* LocalPOIViewController.h */ = {isa = PBXFileReference; fileEncoding = 4; lastKnownFileType = sourcecode.c.h; path = LocalPOIViewController.h; sourceTree = "<group>"; };
		29310C781334510700F89CC2 /* LocalPOIViewController.m */ = {isa = PBXFileReference; fileEncoding = 4; lastKnownFileType = sourcecode.c.objc; path = LocalPOIViewController.m; sourceTree = "<group>"; };
		29310C791334510800F89CC2 /* LocalPOIViewController.xib */ = {isa = PBXFileReference; fileEncoding = 4; lastKnownFileType = file.xib; path = LocalPOIViewController.xib; sourceTree = "<group>"; };
		2931CE611344FCCA00DD1FF6 /* libsqlite3.0.dylib */ = {isa = PBXFileReference; lastKnownFileType = "compiled.mach-o.dylib"; name = libsqlite3.0.dylib; path = usr/lib/libsqlite3.0.dylib; sourceTree = SDKROOT; };
		2931CE641344FCE400DD1FF6 /* libsqlite3.dylib */ = {isa = PBXFileReference; lastKnownFileType = "compiled.mach-o.dylib"; name = libsqlite3.dylib; path = usr/lib/libsqlite3.dylib; sourceTree = SDKROOT; };
		295F7B531361BCF200D1CBB3 /* LowBackGround.png */ = {isa = PBXFileReference; lastKnownFileType = image.png; path = LowBackGround.png; sourceTree = "<group>"; };
		295F7B57136261BD00D1CBB3 /* player-play.png */ = {isa = PBXFileReference; lastKnownFileType = image.png; path = "player-play.png"; sourceTree = "<group>"; };
		295F7B61136511B800D1CBB3 /* POIDetailsViewController.h */ = {isa = PBXFileReference; fileEncoding = 4; lastKnownFileType = sourcecode.c.h; path = POIDetailsViewController.h; sourceTree = "<group>"; };
		295F7B62136511B800D1CBB3 /* POIDetailsViewController.m */ = {isa = PBXFileReference; fileEncoding = 4; lastKnownFileType = sourcecode.c.objc; path = POIDetailsViewController.m; sourceTree = "<group>"; };
		295F7B63136511B800D1CBB3 /* POIDetailsViewController.xib */ = {isa = PBXFileReference; fileEncoding = 4; lastKnownFileType = file.xib; path = POIDetailsViewController.xib; sourceTree = "<group>"; };
		296F9C5A1343B47700799213 /* DailyPrayerTimes.h */ = {isa = PBXFileReference; fileEncoding = 4; lastKnownFileType = sourcecode.c.h; path = DailyPrayerTimes.h; sourceTree = "<group>"; };
		296F9C5B1343B47700799213 /* DailyPrayerTimes.m */ = {isa = PBXFileReference; fileEncoding = 4; lastKnownFileType = sourcecode.c.objc; path = DailyPrayerTimes.m; sourceTree = "<group>"; };
		297B63051353FF46003214BB /* zipcode.db */ = {isa = PBXFileReference; lastKnownFileType = file; path = zipcode.db; sourceTree = "<group>"; };
		297B63401354A758003214BB /* ValidateLocationRequest.h */ = {isa = PBXFileReference; fileEncoding = 4; lastKnownFileType = sourcecode.c.h; path = ValidateLocationRequest.h; sourceTree = "<group>"; };
		297B63411354A758003214BB /* ValidateLocationRequest.m */ = {isa = PBXFileReference; fileEncoding = 4; lastKnownFileType = sourcecode.c.objc; path = ValidateLocationRequest.m; sourceTree = "<group>"; };
		298935D81361222C00BC4706 /* background.png */ = {isa = PBXFileReference; lastKnownFileType = image.png; path = background.png; sourceTree = "<group>"; };
		298935DB1361222C00BC4706 /* ICBR iphone app6 Background HD.png */ = {isa = PBXFileReference; lastKnownFileType = image.png; path = "ICBR iphone app6 Background HD.png"; sourceTree = "<group>"; };
		298935DC1361222C00BC4706 /* icon.png */ = {isa = PBXFileReference; lastKnownFileType = image.png; path = icon.png; sourceTree = "<group>"; };
		298935DD1361222C00BC4706 /* icon@2x.png */ = {isa = PBXFileReference; lastKnownFileType = image.png; path = "icon@2x.png"; sourceTree = "<group>"; };
		2998627013A1B9F1004F0A18 /* en */ = {isa = PBXFileReference; lastKnownFileType = image.png; name = en; path = en.lproj/Default.png; sourceTree = "<group>"; };
		299A7934134D3F0000C997C4 /* MapKit.framework */ = {isa = PBXFileReference; lastKnownFileType = wrapper.framework; name = MapKit.framework; path = System/Library/Frameworks/MapKit.framework; sourceTree = SDKROOT; };
		299A7937134DE58B00C997C4 /* AdresssAnnotation.h */ = {isa = PBXFileReference; fileEncoding = 4; lastKnownFileType = sourcecode.c.h; path = AdresssAnnotation.h; sourceTree = "<group>"; };
		299A7938134DE58B00C997C4 /* AdresssAnnotation.m */ = {isa = PBXFileReference; fileEncoding = 4; lastKnownFileType = sourcecode.c.objc; path = AdresssAnnotation.m; sourceTree = "<group>"; };
		299A793A134E0CB400C997C4 /* CoreLocation.framework */ = {isa = PBXFileReference; lastKnownFileType = wrapper.framework; name = CoreLocation.framework; path = System/Library/Frameworks/CoreLocation.framework; sourceTree = SDKROOT; };
		299A7954134F324500C997C4 /* egypt.caf */ = {isa = PBXFileReference; lastKnownFileType = file; path = egypt.caf; sourceTree = "<group>"; };
		299A7956134F9C2200C997C4 /* settings.plist */ = {isa = PBXFileReference; fileEncoding = 4; lastKnownFileType = text.plist.xml; path = settings.plist; sourceTree = "<group>"; };
		29A09A81137639F300117A62 /* ICBR Setting.png */ = {isa = PBXFileReference; lastKnownFileType = image.png; path = "ICBR Setting.png"; sourceTree = "<group>"; };
		29A09A82137639F300117A62 /* Pictures Gallery.png */ = {isa = PBXFileReference; lastKnownFileType = image.png; path = "Pictures Gallery.png"; sourceTree = "<group>"; };
		29A09A83137639F300117A62 /* Points of interest .png */ = {isa = PBXFileReference; lastKnownFileType = image.png; path = "Points of interest .png"; sourceTree = "<group>"; };
		29A09A84137639F300117A62 /* Prayer Times.png */ = {isa = PBXFileReference; lastKnownFileType = image.png; path = "Prayer Times.png"; sourceTree = "<group>"; };
		29A09A8A1377713C00117A62 /* IqamaTimes2011.txt */ = {isa = PBXFileReference; fileEncoding = 4; lastKnownFileType = text; path = IqamaTimes2011.txt; sourceTree = "<group>"; };
		29A5779113466234008BB0C8 /* DailyPrayerScrollerViewController.h */ = {isa = PBXFileReference; fileEncoding = 4; lastKnownFileType = sourcecode.c.h; name = DailyPrayerScrollerViewController.h; path = IslamicCenterOfBocaRaton.xcodeproj/DailyPrayerScrollerViewController.h; sourceTree = SOURCE_ROOT; };
		29A5779213466234008BB0C8 /* DailyPrayerScrollerViewController.m */ = {isa = PBXFileReference; fileEncoding = 4; lastKnownFileType = sourcecode.c.objc; name = DailyPrayerScrollerViewController.m; path = IslamicCenterOfBocaRaton.xcodeproj/DailyPrayerScrollerViewController.m; sourceTree = SOURCE_ROOT; };
		29A5779313466234008BB0C8 /* DailyPrayerScrollerViewController.xib */ = {isa = PBXFileReference; fileEncoding = 4; lastKnownFileType = file.xib; name = DailyPrayerScrollerViewController.xib; path = IslamicCenterOfBocaRaton.xcodeproj/DailyPrayerScrollerViewController.xib; sourceTree = SOURCE_ROOT; };
		29C9A82A134914EA00769612 /* SettingsViewController.h */ = {isa = PBXFileReference; fileEncoding = 4; lastKnownFileType = sourcecode.c.h; path = SettingsViewController.h; sourceTree = "<group>"; };
		29C9A82B134914EA00769612 /* SettingsViewController.m */ = {isa = PBXFileReference; fileEncoding = 4; lastKnownFileType = sourcecode.c.objc; path = SettingsViewController.m; sourceTree = "<group>"; };
		29C9A82C134914EA00769612 /* SettingsViewController.xib */ = {isa = PBXFileReference; fileEncoding = 4; lastKnownFileType = file.xib; path = SettingsViewController.xib; sourceTree = "<group>"; };
		29C9A830134A5FCA00769612 /* ICBRImages.h */ = {isa = PBXFileReference; fileEncoding = 4; lastKnownFileType = sourcecode.c.h; path = ICBRImages.h; sourceTree = "<group>"; };
		29C9A831134A5FCA00769612 /* ICBRImages.m */ = {isa = PBXFileReference; fileEncoding = 4; lastKnownFileType = sourcecode.c.objc; path = ICBRImages.m; sourceTree = "<group>"; };
		29C9A833134A6B0800769612 /* ICBRImagesViewController.h */ = {isa = PBXFileReference; fileEncoding = 4; lastKnownFileType = sourcecode.c.h; path = ICBRImagesViewController.h; sourceTree = "<group>"; };
		29C9A834134A6B0900769612 /* ICBRImagesViewController.m */ = {isa = PBXFileReference; fileEncoding = 4; lastKnownFileType = sourcecode.c.objc; path = ICBRImagesViewController.m; sourceTree = "<group>"; };
		29C9A835134A6B0900769612 /* ICBRImagesViewController.xib */ = {isa = PBXFileReference; fileEncoding = 4; lastKnownFileType = file.xib; path = ICBRImagesViewController.xib; sourceTree = "<group>"; };
		29C9A838134AA67E00769612 /* ICBRImageScrollViewController.h */ = {isa = PBXFileReference; fileEncoding = 4; lastKnownFileType = sourcecode.c.h; path = ICBRImageScrollViewController.h; sourceTree = "<group>"; };
		29C9A839134AA67E00769612 /* ICBRImageScrollViewController.m */ = {isa = PBXFileReference; fileEncoding = 4; lastKnownFileType = sourcecode.c.objc; path = ICBRImageScrollViewController.m; sourceTree = "<group>"; };
		29C9A83A134AA67E00769612 /* ICBRImageScrollViewController.xib */ = {isa = PBXFileReference; fileEncoding = 4; lastKnownFileType = file.xib; path = ICBRImageScrollViewController.xib; sourceTree = "<group>"; };
		29D781D61395611800A9D5FF /* Upcoming Activities and Pictures.png */ = {isa = PBXFileReference; lastKnownFileType = image.png; path = "Upcoming Activities and Pictures.png"; sourceTree = "<group>"; };
		29D781D91395612400A9D5FF /* Settings.png */ = {isa = PBXFileReference; lastKnownFileType = image.png; path = Settings.png; sourceTree = "<group>"; };
		29EAA9091351CF9700EC0F25 /* PlistReaderWriter.h */ = {isa = PBXFileReference; fileEncoding = 4; lastKnownFileType = sourcecode.c.h; path = PlistReaderWriter.h; sourceTree = "<group>"; };
		29EAA90A1351CF9700EC0F25 /* PlistReaderWriter.m */ = {isa = PBXFileReference; fileEncoding = 4; lastKnownFileType = sourcecode.c.objc; path = PlistReaderWriter.m; sourceTree = "<group>"; };
		29EAA90D13528A9F00EC0F25 /* madinah.caf */ = {isa = PBXFileReference; lastKnownFileType = file; path = madinah.caf; sourceTree = "<group>"; };
		29EAA90E13528A9F00EC0F25 /* makkah.caf */ = {isa = PBXFileReference; lastKnownFileType = file; path = makkah.caf; sourceTree = "<group>"; };
		29EAA90F13528A9F00EC0F25 /* yusuf.caf */ = {isa = PBXFileReference; lastKnownFileType = file; path = yusuf.caf; sourceTree = "<group>"; };
		29EAA91013528A9F00EC0F25 /* bird.caf */ = {isa = PBXFileReference; lastKnownFileType = file; path = bird.caf; sourceTree = "<group>"; };
		29F98C80134BE466009FD86B /* ICBRLow.png */ = {isa = PBXFileReference; lastKnownFileType = image.png; path = ICBRLow.png; sourceTree = "<group>"; };
/* End PBXFileReference section */

/* Begin PBXFrameworksBuildPhase section */
		29310C4B1334508700F89CC2 /* Frameworks */ = {
			isa = PBXFrameworksBuildPhase;
			buildActionMask = 2147483647;
			files = (
				299A793B134E0CB400C997C4 /* CoreLocation.framework in Frameworks */,
				299A7935134D3F0000C997C4 /* MapKit.framework in Frameworks */,
				2931CE651344FCE400DD1FF6 /* libsqlite3.dylib in Frameworks */,
				29310C531334508700F89CC2 /* UIKit.framework in Frameworks */,
				29310C551334508700F89CC2 /* Foundation.framework in Frameworks */,
				29310C571334508700F89CC2 /* CoreGraphics.framework in Frameworks */,
			);
			runOnlyForDeploymentPostprocessing = 0;
		};
/* End PBXFrameworksBuildPhase section */

/* Begin PBXGroup section */
		29310C431334508700F89CC2 = {
			isa = PBXGroup;
			children = (
				299A793A134E0CB400C997C4 /* CoreLocation.framework */,
				299A7934134D3F0000C997C4 /* MapKit.framework */,
				2931CE641344FCE400DD1FF6 /* libsqlite3.dylib */,
				2931CE611344FCCA00DD1FF6 /* libsqlite3.0.dylib */,
				2998627113A1B9F1004F0A18 /* Default.png */,
				29310C581334508700F89CC2 /* IslamicCenterOfBocaRaton */,
				29310C511334508700F89CC2 /* Frameworks */,
				29310C4F1334508700F89CC2 /* Products */,
			);
			sourceTree = "<group>";
		};
		29310C4F1334508700F89CC2 /* Products */ = {
			isa = PBXGroup;
			children = (
				29310C4E1334508700F89CC2 /* IslamicCenterOfBocaRaton.app */,
			);
			name = Products;
			sourceTree = "<group>";
		};
		29310C511334508700F89CC2 /* Frameworks */ = {
			isa = PBXGroup;
			children = (
				29310C521334508700F89CC2 /* UIKit.framework */,
				29310C541334508700F89CC2 /* Foundation.framework */,
				29310C561334508700F89CC2 /* CoreGraphics.framework */,
			);
			name = Frameworks;
			sourceTree = "<group>";
		};
		29310C581334508700F89CC2 /* IslamicCenterOfBocaRaton */ = {
			isa = PBXGroup;
			children = (
				29310C7C1334512E00F89CC2 /* Model */,
				29310C6C1334509F00F89CC2 /* ViewControllers */,
				29310C611334508700F89CC2 /* IslamicCenterOfBocaRatonAppDelegate.h */,
				29310C621334508700F89CC2 /* IslamicCenterOfBocaRatonAppDelegate.m */,
				29310C641334508700F89CC2 /* MainWindow.xib */,
				29310C591334508700F89CC2 /* Supporting Files */,
			);
			path = IslamicCenterOfBocaRaton;
			sourceTree = "<group>";
		};
		29310C591334508700F89CC2 /* Supporting Files */ = {
			isa = PBXGroup;
			children = (
				29D781D91395612400A9D5FF /* Settings.png */,
				29D781D61395611800A9D5FF /* Upcoming Activities and Pictures.png */,
				29A09A8A1377713C00117A62 /* IqamaTimes2011.txt */,
				29A09A81137639F300117A62 /* ICBR Setting.png */,
				29A09A82137639F300117A62 /* Pictures Gallery.png */,
				29A09A83137639F300117A62 /* Points of interest .png */,
				29A09A84137639F300117A62 /* Prayer Times.png */,
				295F7B57136261BD00D1CBB3 /* player-play.png */,
				295F7B531361BCF200D1CBB3 /* LowBackGround.png */,
				298935D81361222C00BC4706 /* background.png */,
				298935DB1361222C00BC4706 /* ICBR iphone app6 Background HD.png */,
				298935DC1361222C00BC4706 /* icon.png */,
				298935DD1361222C00BC4706 /* icon@2x.png */,
				297B63051353FF46003214BB /* zipcode.db */,
				29EAA90D13528A9F00EC0F25 /* madinah.caf */,
				29EAA90E13528A9F00EC0F25 /* makkah.caf */,
				29EAA90F13528A9F00EC0F25 /* yusuf.caf */,
				29EAA91013528A9F00EC0F25 /* bird.caf */,
				299A7956134F9C2200C997C4 /* settings.plist */,
				299A7954134F324500C997C4 /* egypt.caf */,
				29F98C80134BE466009FD86B /* ICBRLow.png */,
				2903266E134017140035DA96 /* photo1.jpg */,
				29310C5A1334508700F89CC2 /* IslamicCenterOfBocaRaton-Info.plist */,
				29310C5B1334508700F89CC2 /* InfoPlist.strings */,
				29310C5E1334508700F89CC2 /* IslamicCenterOfBocaRaton-Prefix.pch */,
				29310C5F1334508700F89CC2 /* main.m */,
			);
			name = "Supporting Files";
			sourceTree = "<group>";
		};
		29310C6C1334509F00F89CC2 /* ViewControllers */ = {
			isa = PBXGroup;
			children = (
				29A5779113466234008BB0C8 /* DailyPrayerScrollerViewController.h */,
				29A5779213466234008BB0C8 /* DailyPrayerScrollerViewController.m */,
				29A5779313466234008BB0C8 /* DailyPrayerScrollerViewController.xib */,
				29310C6D133450CA00F89CC2 /* PrayerTimesViewController.h */,
				29310C6E133450CA00F89CC2 /* PrayerTimesViewController.m */,
				29310C6F133450CA00F89CC2 /* PrayerTimesViewController.xib */,
				29310C771334510700F89CC2 /* LocalPOIViewController.h */,
				29310C781334510700F89CC2 /* LocalPOIViewController.m */,
				295F7B61136511B800D1CBB3 /* POIDetailsViewController.h */,
				295F7B62136511B800D1CBB3 /* POIDetailsViewController.m */,
				295F7B63136511B800D1CBB3 /* POIDetailsViewController.xib */,
				29310C791334510800F89CC2 /* LocalPOIViewController.xib */,
				29C9A82A134914EA00769612 /* SettingsViewController.h */,
				29C9A82B134914EA00769612 /* SettingsViewController.m */,
				29C9A82C134914EA00769612 /* SettingsViewController.xib */,
				29C9A833134A6B0800769612 /* ICBRImagesViewController.h */,
				29C9A834134A6B0900769612 /* ICBRImagesViewController.m */,
				29C9A835134A6B0900769612 /* ICBRImagesViewController.xib */,
				29C9A838134AA67E00769612 /* ICBRImageScrollViewController.h */,
				29C9A839134AA67E00769612 /* ICBRImageScrollViewController.m */,
				29C9A83A134AA67E00769612 /* ICBRImageScrollViewController.xib */,
			);
			name = ViewControllers;
			sourceTree = "<group>";
		};
		29310C7C1334512E00F89CC2 /* Model */ = {
			isa = PBXGroup;
			children = (
				29032662133EDD780035DA96 /* IFPrayerTimes.h */,
				29032663133EDD780035DA96 /* IFPrayerTimes.m */,
				296F9C5A1343B47700799213 /* DailyPrayerTimes.h */,
				296F9C5B1343B47700799213 /* DailyPrayerTimes.m */,
				29C9A830134A5FCA00769612 /* ICBRImages.h */,
				29C9A831134A5FCA00769612 /* ICBRImages.m */,
				299A7937134DE58B00C997C4 /* AdresssAnnotation.h */,
				299A7938134DE58B00C997C4 /* AdresssAnnotation.m */,
				29EAA9091351CF9700EC0F25 /* PlistReaderWriter.h */,
				29EAA90A1351CF9700EC0F25 /* PlistReaderWriter.m */,
				297B63401354A758003214BB /* ValidateLocationRequest.h */,
				297B63411354A758003214BB /* ValidateLocationRequest.m */,
			);
			name = Model;
			sourceTree = "<group>";
		};
/* End PBXGroup section */

/* Begin PBXNativeTarget section */
		29310C4D1334508700F89CC2 /* IslamicCenterOfBocaRaton */ = {
			isa = PBXNativeTarget;
			buildConfigurationList = 29310C691334508700F89CC2 /* Build configuration list for PBXNativeTarget "IslamicCenterOfBocaRaton" */;
			buildPhases = (
				29310C4A1334508700F89CC2 /* Sources */,
				29310C4B1334508700F89CC2 /* Frameworks */,
				29310C4C1334508700F89CC2 /* Resources */,
			);
			buildRules = (
			);
			dependencies = (
			);
			name = IslamicCenterOfBocaRaton;
			productName = IslamicCenterOfBocaRaton;
			productReference = 29310C4E1334508700F89CC2 /* IslamicCenterOfBocaRaton.app */;
			productType = "com.apple.product-type.application";
		};
/* End PBXNativeTarget section */

/* Begin PBXProject section */
		29310C451334508700F89CC2 /* Project object */ = {
			isa = PBXProject;
			attributes = {
				ORGANIZATIONNAME = "Siemens Enterprise";
			};
			buildConfigurationList = 29310C481334508700F89CC2 /* Build configuration list for PBXProject "IslamicCenterOfBocaRaton" */;
			compatibilityVersion = "Xcode 3.2";
			developmentRegion = English;
			hasScannedForEncodings = 0;
			knownRegions = (
				en,
			);
			mainGroup = 29310C431334508700F89CC2;
			productRefGroup = 29310C4F1334508700F89CC2 /* Products */;
			projectDirPath = "";
			projectRoot = "";
			targets = (
				29310C4D1334508700F89CC2 /* IslamicCenterOfBocaRaton */,
			);
		};
/* End PBXProject section */

/* Begin PBXResourcesBuildPhase section */
		29310C4C1334508700F89CC2 /* Resources */ = {
			isa = PBXResourcesBuildPhase;
			buildActionMask = 2147483647;
			files = (
				29310C5D1334508700F89CC2 /* InfoPlist.strings in Resources */,
				29310C661334508700F89CC2 /* MainWindow.xib in Resources */,
				29310C71133450CA00F89CC2 /* PrayerTimesViewController.xib in Resources */,
				29310C7B1334510800F89CC2 /* LocalPOIViewController.xib in Resources */,
				2903266F134017140035DA96 /* photo1.jpg in Resources */,
				29A5779513466234008BB0C8 /* DailyPrayerScrollerViewController.xib in Resources */,
				29C9A82E134914EA00769612 /* SettingsViewController.xib in Resources */,
				29C9A837134A6B0900769612 /* ICBRImagesViewController.xib in Resources */,
				29C9A83C134AA67E00769612 /* ICBRImageScrollViewController.xib in Resources */,
				29F98C81134BE466009FD86B /* ICBRLow.png in Resources */,
				299A7955134F324500C997C4 /* egypt.caf in Resources */,
				299A7957134F9C2300C997C4 /* settings.plist in Resources */,
				29EAA91113528A9F00EC0F25 /* madinah.caf in Resources */,
				29EAA91213528A9F00EC0F25 /* makkah.caf in Resources */,
				29EAA91313528A9F00EC0F25 /* yusuf.caf in Resources */,
				29EAA91413528A9F00EC0F25 /* bird.caf in Resources */,
				297B63061353FF46003214BB /* zipcode.db in Resources */,
				298935DE1361222C00BC4706 /* background.png in Resources */,
				298935E11361222C00BC4706 /* ICBR iphone app6 Background HD.png in Resources */,
				298935E21361222C00BC4706 /* icon.png in Resources */,
				298935E31361222C00BC4706 /* icon@2x.png in Resources */,
				295F7B551361BCF200D1CBB3 /* LowBackGround.png in Resources */,
				295F7B58136261BD00D1CBB3 /* player-play.png in Resources */,
				295F7B65136511B800D1CBB3 /* POIDetailsViewController.xib in Resources */,
				29A09A85137639F300117A62 /* ICBR Setting.png in Resources */,
				29A09A86137639F300117A62 /* Pictures Gallery.png in Resources */,
				29A09A87137639F300117A62 /* Points of interest .png in Resources */,
				29A09A88137639F300117A62 /* Prayer Times.png in Resources */,
				29A09A8B1377713C00117A62 /* IqamaTimes2011.txt in Resources */,
				29D781D71395611800A9D5FF /* Upcoming Activities and Pictures.png in Resources */,
				29D781DA1395612400A9D5FF /* Settings.png in Resources */,
				2998626F13A1B9F1004F0A18 /* Default.png in Resources */,
				2998627213A1B9F9004F0A18 /* IslamicCenterOfBocaRaton-Info.plist in Resources */,
			);
			runOnlyForDeploymentPostprocessing = 0;
		};
/* End PBXResourcesBuildPhase section */

/* Begin PBXSourcesBuildPhase section */
		29310C4A1334508700F89CC2 /* Sources */ = {
			isa = PBXSourcesBuildPhase;
			buildActionMask = 2147483647;
			files = (
				29310C601334508700F89CC2 /* main.m in Sources */,
				29310C631334508700F89CC2 /* IslamicCenterOfBocaRatonAppDelegate.m in Sources */,
				29310C70133450CA00F89CC2 /* PrayerTimesViewController.m in Sources */,
				29310C7A1334510800F89CC2 /* LocalPOIViewController.m in Sources */,
				29032664133EDD780035DA96 /* IFPrayerTimes.m in Sources */,
				296F9C5C1343B47700799213 /* DailyPrayerTimes.m in Sources */,
				29A5779413466234008BB0C8 /* DailyPrayerScrollerViewController.m in Sources */,
				29C9A82D134914EA00769612 /* SettingsViewController.m in Sources */,
				29C9A832134A5FCA00769612 /* ICBRImages.m in Sources */,
				29C9A836134A6B0900769612 /* ICBRImagesViewController.m in Sources */,
				29C9A83B134AA67E00769612 /* ICBRImageScrollViewController.m in Sources */,
				299A7939134DE58B00C997C4 /* AdresssAnnotation.m in Sources */,
				29EAA90B1351CF9700EC0F25 /* PlistReaderWriter.m in Sources */,
				297B63421354A758003214BB /* ValidateLocationRequest.m in Sources */,
				295F7B64136511B800D1CBB3 /* POIDetailsViewController.m in Sources */,
			);
			runOnlyForDeploymentPostprocessing = 0;
		};
/* End PBXSourcesBuildPhase section */

/* Begin PBXVariantGroup section */
		29310C5B1334508700F89CC2 /* InfoPlist.strings */ = {
			isa = PBXVariantGroup;
			children = (
				29310C5C1334508700F89CC2 /* en */,
			);
			name = InfoPlist.strings;
			sourceTree = "<group>";
		};
		29310C641334508700F89CC2 /* MainWindow.xib */ = {
			isa = PBXVariantGroup;
			children = (
				29310C651334508700F89CC2 /* en */,
			);
			name = MainWindow.xib;
			sourceTree = "<group>";
		};
		2998627113A1B9F1004F0A18 /* Default.png */ = {
			isa = PBXVariantGroup;
			children = (
				2998627013A1B9F1004F0A18 /* en */,
			);
			name = Default.png;
			sourceTree = "<group>";
		};
/* End PBXVariantGroup section */

/* Begin XCBuildConfiguration section */
		29310C671334508700F89CC2 /* Debug */ = {
			isa = XCBuildConfiguration;
			buildSettings = {
				ARCHS = "$(ARCHS_STANDARD_32_BIT)";
				CODE_SIGN_IDENTITY = "iPhone Distribution";
				"CODE_SIGN_IDENTITY[sdk=iphoneos*]" = "iPhone Distribution";
				GCC_C_LANGUAGE_STANDARD = gnu99;
				GCC_OPTIMIZATION_LEVEL = 0;
				GCC_PREPROCESSOR_DEFINITIONS = DEBUG;
				GCC_SYMBOLS_PRIVATE_EXTERN = NO;
				GCC_VERSION = com.apple.compilers.llvmgcc42;
				GCC_WARN_ABOUT_RETURN_TYPE = YES;
				GCC_WARN_UNUSED_VARIABLE = YES;
				IPHONEOS_DEPLOYMENT_TARGET = 4.3;
				PROVISIONING_PROFILE = "";
				"PROVISIONING_PROFILE[sdk=iphoneos*]" = "";
				SDKROOT = iphoneos;
			};
			name = Debug;
		};
		29310C681334508700F89CC2 /* Release */ = {
			isa = XCBuildConfiguration;
			buildSettings = {
				ARCHS = "$(ARCHS_STANDARD_32_BIT)";
				CODE_SIGN_IDENTITY = "iPhone Distribution";
				"CODE_SIGN_IDENTITY[sdk=iphoneos*]" = "iPhone Distribution";
				GCC_C_LANGUAGE_STANDARD = gnu99;
				GCC_VERSION = com.apple.compilers.llvmgcc42;
				GCC_WARN_ABOUT_RETURN_TYPE = YES;
				GCC_WARN_UNUSED_VARIABLE = YES;
				IPHONEOS_DEPLOYMENT_TARGET = 4.3;
				OTHER_CFLAGS = "-DNS_BLOCK_ASSERTIONS=1";
				PROVISIONING_PROFILE = "";
				"PROVISIONING_PROFILE[sdk=iphoneos*]" = "";
				SDKROOT = iphoneos;
			};
			name = Release;
		};
		29310C6A1334508700F89CC2 /* Debug */ = {
			isa = XCBuildConfiguration;
			buildSettings = {
				ALWAYS_SEARCH_USER_PATHS = NO;
				CODE_SIGN_IDENTITY = "iPhone Developer";
				"CODE_SIGN_IDENTITY[sdk=iphoneos*]" = "iPhone Developer";
				COPY_PHASE_STRIP = NO;
				GCC_DYNAMIC_NO_PIC = NO;
				GCC_PRECOMPILE_PREFIX_HEADER = YES;
				GCC_PREFIX_HEADER = "IslamicCenterOfBocaRaton/IslamicCenterOfBocaRaton-Prefix.pch";
				INFOPLIST_FILE = "IslamicCenterOfBocaRaton/IslamicCenterOfBocaRaton-Info.plist";
				PRODUCT_NAME = "$(TARGET_NAME)";
				PROVISIONING_PROFILE = "";
				"PROVISIONING_PROFILE[sdk=iphoneos*]" = "";
				WRAPPER_EXTENSION = app;
			};
			name = Debug;
		};
		29310C6B1334508700F89CC2 /* Release */ = {
			isa = XCBuildConfiguration;
			buildSettings = {
				ALWAYS_SEARCH_USER_PATHS = NO;
				CODE_SIGN_IDENTITY = "iPhone Developer";
				"CODE_SIGN_IDENTITY[sdk=iphoneos*]" = "iPhone Developer";
				COPY_PHASE_STRIP = YES;
				GCC_PRECOMPILE_PREFIX_HEADER = YES;
				GCC_PREFIX_HEADER = "IslamicCenterOfBocaRaton/IslamicCenterOfBocaRaton-Prefix.pch";
				INFOPLIST_FILE = "IslamicCenterOfBocaRaton/IslamicCenterOfBocaRaton-Info.plist";
				PRODUCT_NAME = "$(TARGET_NAME)";
				PROVISIONING_PROFILE = "";
				"PROVISIONING_PROFILE[sdk=iphoneos*]" = "";
				VALIDATE_PRODUCT = YES;
				WRAPPER_EXTENSION = app;
			};
			name = Release;
		};
/* End XCBuildConfiguration section */

/* Begin XCConfigurationList section */
		29310C481334508700F89CC2 /* Build configuration list for PBXProject "IslamicCenterOfBocaRaton" */ = {
			isa = XCConfigurationList;
			buildConfigurations = (
				29310C671334508700F89CC2 /* Debug */,
				29310C681334508700F89CC2 /* Release */,
			);
			defaultConfigurationIsVisible = 0;
			defaultConfigurationName = Release;
		};
		29310C691334508700F89CC2 /* Build configuration list for PBXNativeTarget "IslamicCenterOfBocaRaton" */ = {
			isa = XCConfigurationList;
			buildConfigurations = (
				29310C6A1334508700F89CC2 /* Debug */,
				29310C6B1334508700F89CC2 /* Release */,
			);
			defaultConfigurationIsVisible = 0;
			defaultConfigurationName = Release;
		};
/* End XCConfigurationList section */
	};
	rootObject = 29310C451334508700F89CC2 /* Project object */;
}
